Microsoft Visual Studio Solution File, Format Version 11.00
# Visual Studio 2008

Project("{8F6A59DA-F546-138A-7361-DA814566A88D}") = "GingerRun2", "Assembly-CSharp-firstpass.csproj", "{D9A1190C-E5FD-03D4-5660-A63096AFC564}"
EndProject
Project("{8F6A59DA-F546-138A-7361-DA814566A88D}") = "GingerRun2", "Assembly-CSharp.csproj", "{AFE04AF0-97A5-17F3-EDCD-975734D204B3}"
EndProject
Project("{8F6A59DA-F546-138A-7361-DA814566A88D}") = "GingerRun2", "Assembly-CSharp-Editor.csproj", "{BF933264-624F-FB4D-3EDB-805553349AFE}"
EndProject
Project("{8F6A59DA-F546-138A-7361-DA814566A88D}") = "GingerRun2", "Assembly-UnityScript-firstpass.unityproj", "{E8A07554-0A38-233F-E6BE-C16F408599AD}"
EndProject
Project("{8F6A59DA-F546-138A-7361-DA814566A88D}") = "GingerRun2", "Assembly-UnityScript.unityproj", "{3F673A3A-5CA0-C207-DE35-AFA387EA759E}"
EndProject
Project("{8F6A59DA-F546-138A-7361-DA814566A88D}") = "GingerRun2", "Assembly-UnityScript-Editor.unityproj", "{22F0CC4B-43B6-976B-D673-F0540C7DCD62}"
EndProject
Global
	GlobalSection(SolutionConfigurationPlatforms) = preSolution
		Debug|Any CPU = Debug|Any CPU
		Release|Any CPU = Release|Any CPU
	EndGlobalSection
	GlobalSection(ProjectConfigurationPlatforms) = postSolution
		{D9A1190C-E5FD-03D4-5660-A63096AFC564}.Debug|Any CPU.ActiveCfg = Debug|Any CPU
		{D9A1190C-E5FD-03D4-5660-A63096AFC564}.Debug|Any CPU.Build.0 = Debug|Any CPU
		{D9A1190C-E5FD-03D4-5660-A63096AFC564}.Release|Any CPU.ActiveCfg = Release|Any CPU
		{D9A1190C-E5FD-03D4-5660-A63096AFC564}.Release|Any CPU.Build.0 = Release|Any CPU
		{AFE04AF0-97A5-17F3-EDCD-975734D204B3}.Debug|Any CPU.ActiveCfg = Debug|Any CPU
		{AFE04AF0-97A5-17F3-EDCD-975734D204B3}.Debug|Any CPU.Build.0 = Debug|Any CPU
		{AFE04AF0-97A5-17F3-EDCD-975734D204B3}.Release|Any CPU.ActiveCfg = Release|Any CPU
		{AFE04AF0-97A5-17F3-EDCD-975734D204B3}.Release|Any CPU.Build.0 = Release|Any CPU
		{BF933264-624F-FB4D-3EDB-805553349AFE}.Debug|Any CPU.ActiveCfg = Debug|Any CPU
		{BF933264-624F-FB4D-3EDB-805553349AFE}.Debug|Any CPU.Build.0 = Debug|Any CPU
		{BF933264-624F-FB4D-3EDB-805553349AFE}.Release|Any CPU.ActiveCfg = Release|Any CPU
		{BF933264-624F-FB4D-3EDB-805553349AFE}.Release|Any CPU.Build.0 = Release|Any CPU
		{E8A07554-0A38-233F-E6BE-C16F408599AD}.Debug|Any CPU.ActiveCfg = Debug|Any CPU
		{E8A07554-0A38-233F-E6BE-C16F408599AD}.Debug|Any CPU.Build.0 = Debug|Any CPU
		{E8A07554-0A38-233F-E6BE-C16F408599AD}.Release|Any CPU.ActiveCfg = Release|Any CPU
		{E8A07554-0A38-233F-E6BE-C16F408599AD}.Release|Any CPU.Build.0 = Release|Any CPU
		{3F673A3A-5CA0-C207-DE35-AFA387EA759E}.Debug|Any CPU.ActiveCfg = Debug|Any CPU
		{3F673A3A-5CA0-C207-DE35-AFA387EA759E}.Debug|Any CPU.Build.0 = Debug|Any CPU
		{3F673A3A-5CA0-C207-DE35-AFA387EA759E}.Release|Any CPU.ActiveCfg = Release|Any CPU
		{3F673A3A-5CA0-C207-DE35-AFA387EA759E}.Release|Any CPU.Build.0 = Release|Any CPU
		{22F0CC4B-43B6-976B-D673-F0540C7DCD62}.Debug|Any CPU.ActiveCfg = Debug|Any CPU
		{22F0CC4B-43B6-976B-D673-F0540C7DCD62}.Debug|Any CPU.Build.0 = Debug|Any CPU
		{22F0CC4B-43B6-976B-D673-F0540C7DCD62}.Release|Any CPU.ActiveCfg = Release|Any CPU
		{22F0CC4B-43B6-976B-D673-F0540C7DCD62}.Release|Any CPU.Build.0 = Release|Any CPU
	EndGlobalSection
	GlobalSection(SolutionProperties) = preSolution
		HideSolutionNode = FALSE
	EndGlobalSection
																																																																																																														GlobalSection(MonoDevelopProperties) = preSolution
		StartupItem = Assembly-CSharp.csproj
		Policies = $0
		$0.TextStylePolicy = $1
		$1.inheritsSet = null
		$1.scope = text/x-csharp
		$0.CSharpFormattingPolicy = $2
		$2.inheritsSet = Mono
		$2.inheritsScope = text/x-csharp
		$2.scope = text/x-csharp
		$0.TextStylePolicy = $3
		$3.FileWidth = 120
		$3.TabWidth = 4
		$3.EolMarker = Unix
		$3.inheritsSet = Mono
		$3.inheritsScope = text/plain
		$3.scope = text/plain
	EndGlobalSection

EndGlobal
